
Microsoft Visual Studio Solution File, Format Version 12.00
# Visual Studio Version 16
VisualStudioVersion = 16.0.29728.190
MinimumVisualStudioVersion = 10.0.40219.1
Project("{FAE04EC0-301F-11D3-BF4B-00C04F79EFBC}") = "ClassLibraryControlSelected1", "ClassLibraryControlSelected1\ClassLibraryControlSelected1.csproj", "{7521F11C-0122-4266-90A1-148AAF858385}"
EndProject
Project("{FAE04EC0-301F-11D3-BF4B-00C04F79EFBC}") = "WindowsFormsControlSelected", "WindowsFormsControlSelected\WindowsFormsControlSelected.csproj", "{A3F7DFC7-01E3-4CCA-9801-8142FB836C7A}"
EndProject
Project("{FAE04EC0-301F-11D3-BF4B-00C04F79EFBC}") = "ClassLibraryControlSelected2", "ClassLibraryControlSelected2\ClassLibraryControlSelected2.csproj", "{BC52FC99-3B25-462E-8E21-6F5A158DA57C}"
EndProject
Project("{FAE04EC0-301F-11D3-BF4B-00C04F79EFBC}") = "ClassLibraryControlListBoxSelected", "ClassLibraryControlListBoxSelected\ClassLibraryControlListBoxSelected.csproj", "{B539B3E5-4401-476C-8AFB-1157FC7E5A71}"
EndProject
Project("{FAE04EC0-301F-11D3-BF4B-00C04F79EFBC}") = "ClassLibraryBackUpComponent", "ClassLibraryBackUpComponent\ClassLibraryBackUpComponent.csproj", "{63371757-EC44-434F-B98F-65C1425D25B5}"
EndProject
Project("{FAE04EC0-301F-11D3-BF4B-00C04F79EFBC}") = "ClassLibraryExcelComponent", "ClassLibraryExcelComponent\ClassLibraryExcelComponent.csproj", "{6768BFC4-DF2C-4058-B29C-65F0822A0AF4}"
EndProject
Project("{FAE04EC0-301F-11D3-BF4B-00C04F79EFBC}") = "ClassLibraryPDFComponent", "ClassLibraryPDFComponent\ClassLibraryPDFComponent.csproj", "{FA0F6F32-92CB-41D7-AAB7-1BFE34F81F7A}"
EndProject
Project("{FAE04EC0-301F-11D3-BF4B-00C04F79EFBC}") = "WindowsFormsAppTestComponents", "WindowsFormsAppTestComponents\WindowsFormsAppTestComponents.csproj", "{070F556C-98FB-4B16-8C06-0D29764EFF0C}"
EndProject
Project("{FAE04EC0-301F-11D3-BF4B-00C04F79EFBC}") = "BusinessLogic", "BusinessLogic\BusinessLogic.csproj", "{A56B8F43-4790-4F79-B140-C063B777D968}"
EndProject
Project("{FAE04EC0-301F-11D3-BF4B-00C04F79EFBC}") = "DataBaseImplement", "DataBaseImplement\DataBaseImplement.csproj", "{84676565-43C4-4736-8ED2-E7173E42D4E6}"
EndProject
Global
	GlobalSection(SolutionConfigurationPlatforms) = preSolution
		Debug|Any CPU = Debug|Any CPU
		Release|Any CPU = Release|Any CPU
	EndGlobalSection
	GlobalSection(ProjectConfigurationPlatforms) = postSolution
		{7521F11C-0122-4266-90A1-148AAF858385}.Debug|Any CPU.ActiveCfg = Debug|Any CPU
		{7521F11C-0122-4266-90A1-148AAF858385}.Debug|Any CPU.Build.0 = Debug|Any CPU
		{7521F11C-0122-4266-90A1-148AAF858385}.Release|Any CPU.ActiveCfg = Release|Any CPU
		{7521F11C-0122-4266-90A1-148AAF858385}.Release|Any CPU.Build.0 = Release|Any CPU
		{A3F7DFC7-01E3-4CCA-9801-8142FB836C7A}.Debug|Any CPU.ActiveCfg = Debug|Any CPU
		{A3F7DFC7-01E3-4CCA-9801-8142FB836C7A}.Debug|Any CPU.Build.0 = Debug|Any CPU
		{A3F7DFC7-01E3-4CCA-9801-8142FB836C7A}.Release|Any CPU.ActiveCfg = Release|Any CPU
		{A3F7DFC7-01E3-4CCA-9801-8142FB836C7A}.Release|Any CPU.Build.0 = Release|Any CPU
		{BC52FC99-3B25-462E-8E21-6F5A158DA57C}.Debug|Any CPU.ActiveCfg = Debug|Any CPU
		{BC52FC99-3B25-462E-8E21-6F5A158DA57C}.Debug|Any CPU.Build.0 = Debug|Any CPU
		{BC52FC99-3B25-462E-8E21-6F5A158DA57C}.Release|Any CPU.ActiveCfg = Release|Any CPU
		{BC52FC99-3B25-462E-8E21-6F5A158DA57C}.Release|Any CPU.Build.0 = Release|Any CPU
		{B539B3E5-4401-476C-8AFB-1157FC7E5A71}.Debug|Any CPU.ActiveCfg = Debug|Any CPU
		{B539B3E5-4401-476C-8AFB-1157FC7E5A71}.Debug|Any CPU.Build.0 = Debug|Any CPU
		{B539B3E5-4401-476C-8AFB-1157FC7E5A71}.Release|Any CPU.ActiveCfg = Release|Any CPU
		{B539B3E5-4401-476C-8AFB-1157FC7E5A71}.Release|Any CPU.Build.0 = Release|Any CPU
		{63371757-EC44-434F-B98F-65C1425D25B5}.Debug|Any CPU.ActiveCfg = Debug|Any CPU
		{63371757-EC44-434F-B98F-65C1425D25B5}.Debug|Any CPU.Build.0 = Debug|Any CPU
		{63371757-EC44-434F-B98F-65C1425D25B5}.Release|Any CPU.ActiveCfg = Release|Any CPU
		{63371757-EC44-434F-B98F-65C1425D25B5}.Release|Any CPU.Build.0 = Release|Any CPU
		{6768BFC4-DF2C-4058-B29C-65F0822A0AF4}.Debug|Any CPU.ActiveCfg = Debug|Any CPU
		{6768BFC4-DF2C-4058-B29C-65F0822A0AF4}.Debug|Any CPU.Build.0 = Debug|Any CPU
		{6768BFC4-DF2C-4058-B29C-65F0822A0AF4}.Release|Any CPU.ActiveCfg = Release|Any CPU
		{6768BFC4-DF2C-4058-B29C-65F0822A0AF4}.Release|Any CPU.Build.0 = Release|Any CPU
		{FA0F6F32-92CB-41D7-AAB7-1BFE34F81F7A}.Debug|Any CPU.ActiveCfg = Debug|Any CPU
		{FA0F6F32-92CB-41D7-AAB7-1BFE34F81F7A}.Debug|Any CPU.Build.0 = Debug|Any CPU
		{FA0F6F32-92CB-41D7-AAB7-1BFE34F81F7A}.Release|Any CPU.ActiveCfg = Release|Any CPU
		{FA0F6F32-92CB-41D7-AAB7-1BFE34F81F7A}.Release|Any CPU.Build.0 = Release|Any CPU
		{070F556C-98FB-4B16-8C06-0D29764EFF0C}.Debug|Any CPU.ActiveCfg = Debug|Any CPU
		{070F556C-98FB-4B16-8C06-0D29764EFF0C}.Debug|Any CPU.Build.0 = Debug|Any CPU
		{070F556C-98FB-4B16-8C06-0D29764EFF0C}.Release|Any CPU.ActiveCfg = Release|Any CPU
		{070F556C-98FB-4B16-8C06-0D29764EFF0C}.Release|Any CPU.Build.0 = Release|Any CPU
		{A56B8F43-4790-4F79-B140-C063B777D968}.Debug|Any CPU.ActiveCfg = Debug|Any CPU
		{A56B8F43-4790-4F79-B140-C063B777D968}.Debug|Any CPU.Build.0 = Debug|Any CPU
		{A56B8F43-4790-4F79-B140-C063B777D968}.Release|Any CPU.ActiveCfg = Release|Any CPU
		{A56B8F43-4790-4F79-B140-C063B777D968}.Release|Any CPU.Build.0 = Release|Any CPU
		{84676565-43C4-4736-8ED2-E7173E42D4E6}.Debug|Any CPU.ActiveCfg = Debug|Any CPU
		{84676565-43C4-4736-8ED2-E7173E42D4E6}.Debug|Any CPU.Build.0 = Debug|Any CPU
		{84676565-43C4-4736-8ED2-E7173E42D4E6}.Release|Any CPU.ActiveCfg = Release|Any CPU
		{84676565-43C4-4736-8ED2-E7173E42D4E6}.Release|Any CPU.Build.0 = Release|Any CPU
	EndGlobalSection
	GlobalSection(SolutionProperties) = preSolution
		HideSolutionNode = FALSE
	EndGlobalSection
	GlobalSection(ExtensibilityGlobals) = postSolution
		SolutionGuid = {1E8F206D-F848-40B5-8520-051BC12294B9}
	EndGlobalSection
EndGlobal
